// !$*UTF8*$!
{
	archiveVersion = 1;
	classes = {
	};
	objectVersion = 46;
	objects = {

/* Begin PBXBuildFile section */
		EA51A8851E2151D200B61850 /* AppDelegate.swift in Sources */ = {isa = PBXBuildFile; fileRef = EA51A8841E2151D200B61850 /* AppDelegate.swift */; };
		EA51A8871E2151D200B61850 /* GameScene.sks in Resources */ = {isa = PBXBuildFile; fileRef = EA51A8861E2151D200B61850 /* GameScene.sks */; };
		EA51A88B1E2151D200B61850 /* GameScene.swift in Sources */ = {isa = PBXBuildFile; fileRef = EA51A88A1E2151D200B61850 /* GameScene.swift */; };
		EA51A88D1E2151D200B61850 /* GameViewController.swift in Sources */ = {isa = PBXBuildFile; fileRef = EA51A88C1E2151D200B61850 /* GameViewController.swift */; };
		EA51A8901E2151D200B61850 /* Main.storyboard in Resources */ = {isa = PBXBuildFile; fileRef = EA51A88E1E2151D200B61850 /* Main.storyboard */; };
		EA51A8921E2151D200B61850 /* Assets.xcassets in Resources */ = {isa = PBXBuildFile; fileRef = EA51A8911E2151D200B61850 /* Assets.xcassets */; };
		EA51A8951E2151D200B61850 /* LaunchScreen.storyboard in Resources */ = {isa = PBXBuildFile; fileRef = EA51A8931E2151D200B61850 /* LaunchScreen.storyboard */; };
		EA51A89D1E2165C500B61850 /* SpirteSheet.atlas in Resources */ = {isa = PBXBuildFile; fileRef = EA51A89C1E2165C500B61850 /* SpirteSheet.atlas */; };
/* End PBXBuildFile section */

/* Begin PBXFileReference section */
		EA51A8811E2151D200B61850 /* Hero.app */ = {isa = PBXFileReference; explicitFileType = wrapper.application; includeInIndex = 0; path = Hero.app; sourceTree = BUILT_PRODUCTS_DIR; };
		EA51A8841E2151D200B61850 /* AppDelegate.swift */ = {isa = PBXFileReference; lastKnownFileType = sourcecode.swift; path = AppDelegate.swift; sourceTree = "<group>"; };
		EA51A8861E2151D200B61850 /* GameScene.sks */ = {isa = PBXFileReference; lastKnownFileType = file.sks; path = GameScene.sks; sourceTree = "<group>"; };
		EA51A88A1E2151D200B61850 /* GameScene.swift */ = {isa = PBXFileReference; lastKnownFileType = sourcecode.swift; path = GameScene.swift; sourceTree = "<group>"; };
		EA51A88C1E2151D200B61850 /* GameViewController.swift */ = {isa = PBXFileReference; lastKnownFileType = sourcecode.swift; path = GameViewController.swift; sourceTree = "<group>"; };
		EA51A88F1E2151D200B61850 /* Base */ = {isa = PBXFileReference; lastKnownFileType = file.storyboard; name = Base; path = Base.lproj/Main.storyboard; sourceTree = "<group>"; };
		EA51A8911E2151D200B61850 /* Assets.xcassets */ = {isa = PBXFileReference; lastKnownFileType = folder.assetcatalog; path = Assets.xcassets; sourceTree = "<group>"; };
		EA51A8941E2151D200B61850 /* Base */ = {isa = PBXFileReference; lastKnownFileType = file.storyboard; name = Base; path = Base.lproj/LaunchScreen.storyboard; sourceTree = "<group>"; };
		EA51A8961E2151D200B61850 /* Info.plist */ = {isa = PBXFileReference; lastKnownFileType = text.plist.xml; path = Info.plist; sourceTree = "<group>"; };
		EA51A89C1E2165C500B61850 /* SpirteSheet.atlas */ = {isa = PBXFileReference; lastKnownFileType = folder.skatlas; path = SpirteSheet.atlas; sourceTree = "<group>"; };
/* End PBXFileReference section */

/* Begin PBXFrameworksBuildPhase section */
		EA51A87E1E2151D200B61850 /* Frameworks */ = {
			isa = PBXFrameworksBuildPhase;
			buildActionMask = 2147483647;
			files = (
			);
			runOnlyForDeploymentPostprocessing = 0;
		};
/* End PBXFrameworksBuildPhase section */

/* Begin PBXGroup section */
		EA51A8781E2151D200B61850 = {
			isa = PBXGroup;
			children = (
				EA51A8831E2151D200B61850 /* Hero */,
				EA51A8821E2151D200B61850 /* Products */,
			);
			sourceTree = "<group>";
		};
		EA51A8821E2151D200B61850 /* Products */ = {
			isa = PBXGroup;
			children = (
				EA51A8811E2151D200B61850 /* Hero.app */,
			);
			name = Products;
			sourceTree = "<group>";
		};
		EA51A8831E2151D200B61850 /* Hero */ = {
			isa = PBXGroup;
			children = (
				EA51A89C1E2165C500B61850 /* SpirteSheet.atlas */,
				EA51A8841E2151D200B61850 /* AppDelegate.swift */,
				EA51A8861E2151D200B61850 /* GameScene.sks */,
				EA51A88A1E2151D200B61850 /* GameScene.swift */,
				EA51A88C1E2151D200B61850 /* GameViewController.swift */,
				EA51A88E1E2151D200B61850 /* Main.storyboard */,
				EA51A8911E2151D200B61850 /* Assets.xcassets */,
				EA51A8931E2151D200B61850 /* LaunchScreen.storyboard */,
				EA51A8961E2151D200B61850 /* Info.plist */,
			);
			path = Hero;
			sourceTree = "<group>";
		};
/* End PBXGroup section */

/* Begin PBXNativeTarget section */
		EA51A8801E2151D200B61850 /* Hero */ = {
			isa = PBXNativeTarget;
			buildConfigurationList = EA51A8991E2151D200B61850 /* Build configuration list for PBXNativeTarget "Hero" */;
			buildPhases = (
				EA51A87D1E2151D200B61850 /* Sources */,
				EA51A87E1E2151D200B61850 /* Frameworks */,
				EA51A87F1E2151D200B61850 /* Resources */,
			);
			buildRules = (
			);
			dependencies = (
			);
			name = Hero;
			productName = Hero;
			productReference = EA51A8811E2151D200B61850 /* Hero.app */;
			productType = "com.apple.product-type.application";
		};
/* End PBXNativeTarget section */

/* Begin PBXProject section */
		EA51A8791E2151D200B61850 /* Project object */ = {
			isa = PBXProject;
			attributes = {
				LastSwiftUpdateCheck = 0820;
				LastUpgradeCheck = 0820;
				ORGANIZATIONNAME = tony;
				TargetAttributes = {
					EA51A8801E2151D200B61850 = {
						CreatedOnToolsVersion = 8.2.1;
						ProvisioningStyle = Automatic;
					};
				};
			};
			buildConfigurationList = EA51A87C1E2151D200B61850 /* Build configuration list for PBXProject "Hero" */;
			compatibilityVersion = "Xcode 3.2";
			developmentRegion = English;
			hasScannedForEncodings = 0;
			knownRegions = (
				en,
				Base,
			);
			mainGroup = EA51A8781E2151D200B61850;
			productRefGroup = EA51A8821E2151D200B61850 /* Products */;
			projectDirPath = "";
			projectRoot = "";
			targets = (
				EA51A8801E2151D200B61850 /* Hero */,
			);
		};
/* End PBXProject section */

/* Begin PBXResourcesBuildPhase section */
		EA51A87F1E2151D200B61850 /* Resources */ = {
			isa = PBXResourcesBuildPhase;
			buildActionMask = 2147483647;
			files = (
				EA51A8901E2151D200B61850 /* Main.storyboard in Resources */,
				EA51A8871E2151D200B61850 /* GameScene.sks in Resources */,
				EA51A89D1E2165C500B61850 /* SpirteSheet.atlas in Resources */,
				EA51A8921E2151D200B61850 /* Assets.xcassets in Resources */,
				EA51A8951E2151D200B61850 /* LaunchScreen.storyboard in Resources */,
			);
			runOnlyForDeploymentPostprocessing = 0;
		};
/* End PBXResourcesBuildPhase section */

/* Begin PBXSourcesBuildPhase section */
		EA51A87D1E2151D200B61850 /* Sources */ = {
			isa = PBXSourcesBuildPhase;
			buildActionMask = 2147483647;
			files = (
				EA51A88B1E2151D200B61850 /* GameScene.swift in Sources */,
				EA51A88D1E2151D200B61850 /* GameViewController.swift in Sources */,
				EA51A8851E2151D200B61850 /* AppDelegate.swift in Sources */,
			);
			runOnlyForDeploymentPostprocessing = 0;
		};
/* End PBXSourcesBuildPhase section */

/* Begin PBXVariantGroup section */
		EA51A88E1E2151D200B61850 /* Main.storyboard */ = {
			isa = PBXVariantGroup;
			children = (
				EA51A88F1E2151D200B61850 /* Base */,
			);
			name = Main.storyboard;
			sourceTree = "<group>";
		};
		EA51A8931E2151D200B61850 /* LaunchScreen.storyboard */ = {
			isa = PBXVariantGroup;
			children = (
				EA51A8941E2151D200B61850 /* Base */,
			);
			name = LaunchScreen.storyboard;
			sourceTree = "<group>";
		};
/* End PBXVariantGroup section */

/* Begin XCBuildConfiguration section */
		EA51A8971E2151D200B61850 /* Debug */ = {
			isa = XCBuildConfiguration;
			buildSettings = {
				ALWAYS_SEARCH_USER_PATHS = NO;
				CLANG_ANALYZER_NONNULL = YES;
				CLANG_CXX_LANGUAGE_STANDARD = "gnu++0x";
				CLANG_CXX_LIBRARY = "libc++";
				CLANG_ENABLE_MODULES = YES;
				CLANG_ENABLE_OBJC_ARC = YES;
				CLANG_WARN_BOOL_CONVERSION = YES;
				CLANG_WARN_CONSTANT_CONVERSION = YES;
				CLANG_WARN_DIRECT_OBJC_ISA_USAGE = YES_ERROR;
				CLANG_WARN_DOCUMENTATION_COMMENTS = YES;
				CLANG_WARN_EMPTY_BODY = YES;
				CLANG_WARN_ENUM_CONVERSION = YES;
				CLANG_WARN_INFINITE_RECURSION = YES;
				CLANG_WARN_INT_CONVERSION = YES;
				CLANG_WARN_OBJC_ROOT_CLASS = YES_ERROR;
				CLANG_WARN_SUSPICIOUS_MOVE = YES;
				CLANG_WARN_UNREACHABLE_CODE = YES;
				CLANG_WARN__DUPLICATE_METHOD_MATCH = YES;
				"CODE_SIGN_IDENTITY[sdk=iphoneos*]" = "iPhone Developer";
				COPY_PHASE_STRIP = NO;
				DEBUG_INFORMATION_FORMAT = dwarf;
				ENABLE_STRICT_OBJC_MSGSEND = YES;
				ENABLE_TESTABILITY = YES;
				GCC_C_LANGUAGE_STANDARD = gnu99;
				GCC_DYNAMIC_NO_PIC = NO;
				GCC_NO_COMMON_BLOCKS = YES;
				GCC_OPTIMIZATION_LEVEL = 0;
				GCC_PREPROCESSOR_DEFINITIONS = (
					"DEBUG=1",
					"$(inherited)",
				);
				GCC_WARN_64_TO_32_BIT_CONVERSION = YES;
				GCC_WARN_ABOUT_RETURN_TYPE = YES_ERROR;
				GCC_WARN_UNDECLARED_SELECTOR = YES;
				GCC_WARN_UNINITIALIZED_AUTOS = YES_AGGRESSIVE;
				GCC_WARN_UNUSED_FUNCTION = YES;
				GCC_WARN_UNUSED_VARIABLE = YES;
				IPHONEOS_DEPLOYMENT_TARGET = 10.2;
				MTL_ENABLE_DEBUG_INFO = YES;
				ONLY_ACTIVE_ARCH = YES;
				SDKROOT = iphoneos;
				SWIFT_ACTIVE_COMPILATION_CONDITIONS = DEBUG;
				SWIFT_OPTIMIZATION_LEVEL = "-Onone";
			};
			name = Debug;
		};
		EA51A8981E2151D200B61850 /* Release */ = {
			isa = XCBuildConfiguration;
			buildSettings = {
				ALWAYS_SEARCH_USER_PATHS = NO;
				CLANG_ANALYZER_NONNULL = YES;
				CLANG_CXX_LANGUAGE_STANDARD = "gnu++0x";
				CLANG_CXX_LIBRARY = "libc++";
				CLANG_ENABLE_MODULES = YES;
				CLANG_ENABLE_OBJC_ARC = YES;
				CLANG_WARN_BOOL_CONVERSION = YES;
				CLANG_WARN_CONSTANT_CONVERSION = YES;
				CLANG_WARN_DIRECT_OBJC_ISA_USAGE = YES_ERROR;
				CLANG_WARN_DOCUMENTATION_COMMENTS = YES;
				CLANG_WARN_EMPTY_BODY = YES;
				CLANG_WARN_ENUM_CONVERSION = YES;
				CLANG_WARN_INFINITE_RECURSION = YES;
				CLANG_WARN_INT_CONVERSION = YES;
				CLANG_WARN_OBJC_ROOT_CLASS = YES_ERROR;
				CLANG_WARN_SUSPICIOUS_MOVE = YES;
				CLANG_WARN_UNREACHABLE_CODE = YES;
				CLANG_WARN__DUPLICATE_METHOD_MATCH = YES;
				"CODE_SIGN_IDENTITY[sdk=iphoneos*]" = "iPhone Developer";
				COPY_PHASE_STRIP = NO;
				DEBUG_INFORMATION_FORMAT = "dwarf-with-dsym";
				ENABLE_NS_ASSERTIONS = NO;
				ENABLE_STRICT_OBJC_MSGSEND = YES;
				GCC_C_LANGUAGE_STANDARD = gnu99;
				GCC_NO_COMMON_BLOCKS = YES;
				GCC_WARN_64_TO_32_BIT_CONVERSION = YES;
				GCC_WARN_ABOUT_RETURN_TYPE = YES_ERROR;
				GCC_WARN_UNDECLARED_SELECTOR = YES;
				GCC_WARN_UNINITIALIZED_AUTOS = YES_AGGRESSIVE;
				GCC_WARN_UNUSED_FUNCTION = YES;
				GCC_WARN_UNUSED_VARIABLE = YES;
				IPHONEOS_DEPLOYMENT_TARGET = 10.2;
				MTL_ENABLE_DEBUG_INFO = NO;
				SDKROOT = iphoneos;
				SWIFT_OPTIMIZATION_LEVEL = "-Owholemodule";
				VALIDATE_PRODUCT = YES;
			};
			name = Release;
		};
		EA51A89A1E2151D200B61850 /* Debug */ = {
			isa = XCBuildConfiguration;
			buildSettings = {
				ASSETCATALOG_COMPILER_APPICON_NAME = AppIcon;
				INFOPLIST_FILE = Hero/Info.plist;
				LD_RUNPATH_SEARCH_PATHS = "$(inherited) @executable_path/Frameworks";
				PRODUCT_BUNDLE_IDENTIFIER = com.51work6.Hero;
				PRODUCT_NAME = "$(TARGET_NAME)";
				SWIFT_VERSION = 3.0;
			};
			name = Debug;
		};
		EA51A89B1E2151D200B61850 /* Release */ = {
			isa = XCBuildConfiguration;
			buildSettings = {
				ASSETCATALOG_COMPILER_APPICON_NAME = AppIcon;
				INFOPLIST_FILE = Hero/Info.plist;
				LD_RUNPATH_SEARCH_PATHS = "$(inherited) @executable_path/Frameworks";
				PRODUCT_BUNDLE_IDENTIFIER = com.51work6.Hero;
				PRODUCT_NAME = "$(TARGET_NAME)";
				SWIFT_VERSION = 3.0;
			};
			name = Release;
		};
/* End XCBuildConfiguration section */

/* Begin XCConfigurationList section */
		EA51A87C1E2151D200B61850 /* Build configuration list for PBXProject "Hero" */ = {
			isa = XCConfigurationList;
			buildConfigurations = (
				EA51A8971E2151D200B61850 /* Debug */,
				EA51A8981E2151D200B61850 /* Release */,
			);
			defaultConfigurationIsVisible = 0;
			defaultConfigurationName = Release;
		};
		EA51A8991E2151D200B61850 /* Build configuration list for PBXNativeTarget "Hero" */ = {
			isa = XCConfigurationList;
			buildConfigurations = (
				EA51A89A1E2151D200B61850 /* Debug */,
				EA51A89B1E2151D200B61850 /* Release */,
			);
			defaultConfigurationIsVisible = 0;
			defaultConfigurationName = Release;
		};
/* End XCConfigurationList section */
	};
	rootObject = EA51A8791E2151D200B61850 /* Project object */;
}
